
Microsoft Visual Studio Solution File, Format Version 9.00
# Visual Studio 2005
Project("{FAE04EC0-301F-11D3-BF4B-00C04F79EFBC}") = "DemoColeccionesN", "DemoColeccionesN\DemoColeccionesN.csproj", "{11F12E9C-D584-4E84-8704-55253BC49223}"
EndProject
Project("{FAE04EC0-301F-11D3-BF4B-00C04F79EFBC}") = "DemoQuee", "DemoQuee\DemoQuee.csproj", "{FD9F2029-0786-4D5C-887B-0B2E75543742}"
EndProject
Project("{FAE04EC0-301F-11D3-BF4B-00C04F79EFBC}") = "DemoHashTable", "DemoHashTable\DemoHashTable.csproj", "{50B067FE-D197-4CC6-A515-3B7FFBE0F7DE}"
EndProject
Project("{FAE04EC0-301F-11D3-BF4B-00C04F79EFBC}") = "DemoBitArray", "DemoBitArray\DemoBitArray.csproj", "{C5430928-240C-4ECE-BB9A-A26D2C84EEEB}"
EndProject
Project("{FAE04EC0-301F-11D3-BF4B-00C04F79EFBC}") = "DemoStackGenerico", "DemoStackGenerico\DemoStackGenerico.csproj", "{582BC63C-A37E-49AD-8ACC-9A927A6F9E1A}"
EndProject
Project("{FAE04EC0-301F-11D3-BF4B-00C04F79EFBC}") = "DemoQueue", "DemoQueue\DemoQueue.csproj", "{90CC77B4-8CFB-4554-B32F-963F40664F79}"
EndProject
Project("{FAE04EC0-301F-11D3-BF4B-00C04F79EFBC}") = "DemoListGenerico", "DemoListGenerico\DemoListGenerico.csproj", "{D6495522-4E6F-4090-AB9E-F9DA9D1AC68B}"
EndProject
Project("{FAE04EC0-301F-11D3-BF4B-00C04F79EFBC}") = "DemoLinkedListGrafico", "DemoLinkedListGrafico\DemoLinkedListGrafico.csproj", "{BBD29032-5395-43CD-BE58-D6B30BBEBA82}"
EndProject
Project("{FAE04EC0-301F-11D3-BF4B-00C04F79EFBC}") = "DemoSorterList", "DemoSorterList\DemoSorterList.csproj", "{73B50278-404D-4F4A-B8A0-1FA6E64F9D02}"
EndProject
Project("{FAE04EC0-301F-11D3-BF4B-00C04F79EFBC}") = "DemoDictionary", "DemoDictionary\DemoDictionary.csproj", "{D1CA6ECD-4936-4E03-941B-983DCBA93D0F}"
EndProject
Project("{FAE04EC0-301F-11D3-BF4B-00C04F79EFBC}") = "DemoStringCollectionEspecial", "DemoStringCollectionEspecial\DemoStringCollectionEspecial.csproj", "{845F1BEC-246F-4A7B-A37A-4561814186AF}"
EndProject
Global
	GlobalSection(SolutionConfigurationPlatforms) = preSolution
		Debug|Any CPU = Debug|Any CPU
		Release|Any CPU = Release|Any CPU
	EndGlobalSection
	GlobalSection(ProjectConfigurationPlatforms) = postSolution
		{11F12E9C-D584-4E84-8704-55253BC49223}.Debug|Any CPU.ActiveCfg = Debug|Any CPU
		{11F12E9C-D584-4E84-8704-55253BC49223}.Debug|Any CPU.Build.0 = Debug|Any CPU
		{11F12E9C-D584-4E84-8704-55253BC49223}.Release|Any CPU.ActiveCfg = Release|Any CPU
		{11F12E9C-D584-4E84-8704-55253BC49223}.Release|Any CPU.Build.0 = Release|Any CPU
		{FD9F2029-0786-4D5C-887B-0B2E75543742}.Debug|Any CPU.ActiveCfg = Debug|Any CPU
		{FD9F2029-0786-4D5C-887B-0B2E75543742}.Debug|Any CPU.Build.0 = Debug|Any CPU
		{FD9F2029-0786-4D5C-887B-0B2E75543742}.Release|Any CPU.ActiveCfg = Release|Any CPU
		{FD9F2029-0786-4D5C-887B-0B2E75543742}.Release|Any CPU.Build.0 = Release|Any CPU
		{50B067FE-D197-4CC6-A515-3B7FFBE0F7DE}.Debug|Any CPU.ActiveCfg = Debug|Any CPU
		{50B067FE-D197-4CC6-A515-3B7FFBE0F7DE}.Debug|Any CPU.Build.0 = Debug|Any CPU
		{50B067FE-D197-4CC6-A515-3B7FFBE0F7DE}.Release|Any CPU.ActiveCfg = Release|Any CPU
		{50B067FE-D197-4CC6-A515-3B7FFBE0F7DE}.Release|Any CPU.Build.0 = Release|Any CPU
		{C5430928-240C-4ECE-BB9A-A26D2C84EEEB}.Debug|Any CPU.ActiveCfg = Debug|Any CPU
		{C5430928-240C-4ECE-BB9A-A26D2C84EEEB}.Debug|Any CPU.Build.0 = Debug|Any CPU
		{C5430928-240C-4ECE-BB9A-A26D2C84EEEB}.Release|Any CPU.ActiveCfg = Release|Any CPU
		{C5430928-240C-4ECE-BB9A-A26D2C84EEEB}.Release|Any CPU.Build.0 = Release|Any CPU
		{582BC63C-A37E-49AD-8ACC-9A927A6F9E1A}.Debug|Any CPU.ActiveCfg = Debug|Any CPU
		{582BC63C-A37E-49AD-8ACC-9A927A6F9E1A}.Debug|Any CPU.Build.0 = Debug|Any CPU
		{582BC63C-A37E-49AD-8ACC-9A927A6F9E1A}.Release|Any CPU.ActiveCfg = Release|Any CPU
		{582BC63C-A37E-49AD-8ACC-9A927A6F9E1A}.Release|Any CPU.Build.0 = Release|Any CPU
		{90CC77B4-8CFB-4554-B32F-963F40664F79}.Debug|Any CPU.ActiveCfg = Debug|Any CPU
		{90CC77B4-8CFB-4554-B32F-963F40664F79}.Debug|Any CPU.Build.0 = Debug|Any CPU
		{90CC77B4-8CFB-4554-B32F-963F40664F79}.Release|Any CPU.ActiveCfg = Release|Any CPU
		{90CC77B4-8CFB-4554-B32F-963F40664F79}.Release|Any CPU.Build.0 = Release|Any CPU
		{D6495522-4E6F-4090-AB9E-F9DA9D1AC68B}.Debug|Any CPU.ActiveCfg = Debug|Any CPU
		{D6495522-4E6F-4090-AB9E-F9DA9D1AC68B}.Debug|Any CPU.Build.0 = Debug|Any CPU
		{D6495522-4E6F-4090-AB9E-F9DA9D1AC68B}.Release|Any CPU.ActiveCfg = Release|Any CPU
		{D6495522-4E6F-4090-AB9E-F9DA9D1AC68B}.Release|Any CPU.Build.0 = Release|Any CPU
		{BBD29032-5395-43CD-BE58-D6B30BBEBA82}.Debug|Any CPU.ActiveCfg = Debug|Any CPU
		{BBD29032-5395-43CD-BE58-D6B30BBEBA82}.Debug|Any CPU.Build.0 = Debug|Any CPU
		{BBD29032-5395-43CD-BE58-D6B30BBEBA82}.Release|Any CPU.ActiveCfg = Release|Any CPU
		{BBD29032-5395-43CD-BE58-D6B30BBEBA82}.Release|Any CPU.Build.0 = Release|Any CPU
		{73B50278-404D-4F4A-B8A0-1FA6E64F9D02}.Debug|Any CPU.ActiveCfg = Debug|Any CPU
		{73B50278-404D-4F4A-B8A0-1FA6E64F9D02}.Debug|Any CPU.Build.0 = Debug|Any CPU
		{73B50278-404D-4F4A-B8A0-1FA6E64F9D02}.Release|Any CPU.ActiveCfg = Release|Any CPU
		{73B50278-404D-4F4A-B8A0-1FA6E64F9D02}.Release|Any CPU.Build.0 = Release|Any CPU
		{D1CA6ECD-4936-4E03-941B-983DCBA93D0F}.Debug|Any CPU.ActiveCfg = Debug|Any CPU
		{D1CA6ECD-4936-4E03-941B-983DCBA93D0F}.Debug|Any CPU.Build.0 = Debug|Any CPU
		{D1CA6ECD-4936-4E03-941B-983DCBA93D0F}.Release|Any CPU.ActiveCfg = Release|Any CPU
		{D1CA6ECD-4936-4E03-941B-983DCBA93D0F}.Release|Any CPU.Build.0 = Release|Any CPU
		{845F1BEC-246F-4A7B-A37A-4561814186AF}.Debug|Any CPU.ActiveCfg = Debug|Any CPU
		{845F1BEC-246F-4A7B-A37A-4561814186AF}.Debug|Any CPU.Build.0 = Debug|Any CPU
		{845F1BEC-246F-4A7B-A37A-4561814186AF}.Release|Any CPU.ActiveCfg = Release|Any CPU
		{845F1BEC-246F-4A7B-A37A-4561814186AF}.Release|Any CPU.Build.0 = Release|Any CPU
	EndGlobalSection
	GlobalSection(SolutionProperties) = preSolution
		HideSolutionNode = FALSE
	EndGlobalSection
EndGlobal
