
Microsoft Visual Studio Solution File, Format Version 9.00
# Visual Studio 2005
Project("{FAE04EC0-301F-11D3-BF4B-00C04F79EFBC}") = "Banco_KJC", "Banco_KJC\Banco_KJC.csproj", "{16F05F27-746B-461E-A13A-02DFC99677E6}"
EndProject
Global
	GlobalSection(SolutionConfigurationPlatforms) = preSolution
		Debug|Any CPU = Debug|Any CPU
		Release|Any CPU = Release|Any CPU
	EndGlobalSection
	GlobalSection(ProjectConfigurationPlatforms) = postSolution
		{16F05F27-746B-461E-A13A-02DFC99677E6}.Debug|Any CPU.ActiveCfg = Debug|Any CPU
		{16F05F27-746B-461E-A13A-02DFC99677E6}.Debug|Any CPU.Build.0 = Debug|Any CPU
		{16F05F27-746B-461E-A13A-02DFC99677E6}.Release|Any CPU.ActiveCfg = Release|Any CPU
		{16F05F27-746B-461E-A13A-02DFC99677E6}.Release|Any CPU.Build.0 = Release|Any CPU
	EndGlobalSection
	GlobalSection(SolutionProperties) = preSolution
		HideSolutionNode = FALSE
	EndGlobalSection
EndGlobal
